<?xml version="1.0" encoding="utf-8"?>
<Project ToolsVersion="4.0" xmlns="http://schemas.microsoft.com/developer/msbuild/2003">
  <ItemGroup>
    <Filter Include="Assets">
      <UniqueIdentifier>32ca5625-d281-4058-875f-dcac86e86119</UniqueIdentifier>
      <Extensions>ico;cur;bmp;dds;dlg;fbx;rct;bin;rgs;gif;jpg;jpeg;jpe;resx;tga;tiff;tif;png;wav;mfcribbon-ms</Extensions>
    </Filter>
    <Filter Include="State">
      <UniqueIdentifier>{2a666825-f688-42de-8c49-611dc4e10fe6}</UniqueIdentifier>
    </Filter>
  </ItemGroup>
  <ItemGroup>
    <ClInclude Include="pch.h" />
    <ClInclude Include="Game.h" />
    <ClInclude Include="StepTimer.h" />
    <ClInclude Include="Object3D.h" />
    <ClInclude Include="DebugCamera.h" />
    <ClInclude Include="Camera.h" />
    <ClInclude Include="FollowCamera.h" />
    <ClInclude Include="Robot.h" />
    <ClInclude Include="State\JumpingState.h">
      <Filter>State</Filter>
    </ClInclude>
    <ClInclude Include="State\StandingState.h">
      <Filter>State</Filter>
    </ClInclude>
    <ClInclude Include="State\RobotState.h">
      <Filter>State</Filter>
    </ClInclude>
    <ClInclude Include="PlayerRobot.h" />
    <ClInclude Include="Input.h" />
    <ClInclude Include="EnemyRobot.h" />
  </ItemGroup>
  <ItemGroup>
    <ClCompile Include="pch.cpp" />
    <ClCompile Include="Game.cpp" />
    <ClCompile Include="Main.cpp" />
    <ClCompile Include="Object3D.cpp" />
    <ClCompile Include="DebugCamera.cpp" />
    <ClCompile Include="Camera.cpp" />
    <ClCompile Include="FollowCamera.cpp" />
    <ClCompile Include="Robot.cpp" />
    <ClCompile Include="State\JumpingState.cpp">
      <Filter>State</Filter>
    </ClCompile>
    <ClCompile Include="State\StandingState.cpp">
      <Filter>State</Filter>
    </ClCompile>
    <ClCompile Include="PlayerRobot.cpp" />
    <ClCompile Include="Input.cpp" />
    <ClCompile Include="EnemyRobot.cpp" />
  </ItemGroup>
  <ItemGroup>
    <ResourceCompile Include="resource.rc" />
  </ItemGroup>
  <ItemGroup>
    <Image Include="directx.ico">
      <Filter>Assets</Filter>
    </Image>
  </ItemGroup>
  <ItemGroup>
    <Manifest Include="settings.manifest">
      <Filter>Assets</Filter>
    </Manifest>
  </ItemGroup>
  <ItemGroup>
    <MeshContentTask Include="Assets\ground.FBX">
      <Filter>Assets</Filter>
    </MeshContentTask>
    <MeshContentTask Include="Assets\skydome.FBX">
      <Filter>Assets</Filter>
    </MeshContentTask>
    <MeshContentTask Include="Assets\teapot.FBX">
      <Filter>Assets</Filter>
    </MeshContentTask>
    <MeshContentTask Include="Assets\boin.FBX">
      <Filter>Assets</Filter>
    </MeshContentTask>
    <MeshContentTask Include="Assets\body.FBX">
      <Filter>Assets</Filter>
    </MeshContentTask>
    <MeshContentTask Include="Assets\head.FBX">
      <Filter>Assets</Filter>
    </MeshContentTask>
    <MeshContentTask Include="Assets\leg.FBX">
      <Filter>Assets</Filter>
    </MeshContentTask>
    <MeshContentTask Include="Assets\missile.FBX">
      <Filter>Assets</Filter>
    </MeshContentTask>
  </ItemGroup>
</Project>